
Microsoft Visual Studio Solution File, Format Version 12.00
# Visual Studio 2012
Project("{FAE04EC0-301F-11D3-BF4B-00C04F79EFBC}") = "EMS_BASE", "..\EMS_BASE\EMS_BASE\EMS_BASE.csproj", "{DF2DFB4F-9822-4A25-B27D-527D80A6FD29}"
EndProject
Project("{FAE04EC0-301F-11D3-BF4B-00C04F79EFBC}") = "EMS_BIZ", "..\EMS_BIZ\EMS_BIZ\EMS_BIZ.csproj", "{FD446D2D-55DD-4192-9E1B-4AB80176A234}"
EndProject
Project("{FAE04EC0-301F-11D3-BF4B-00C04F79EFBC}") = "EMS_DAL", "..\EMS_DAL\EMS_DAL\EMS_DAL.csproj", "{C3A1DF8A-D1D7-4ABF-B349-00A5A1B9F366}"
EndProject
Project("{E24C65DC-7377-472B-9ABA-BC803B73C61A}") = "VCMEMS", "http://localhost:52963", "{9E4CD944-8CB8-49E5-ACC4-90600967BC8B}"
	ProjectSection(WebsiteProperties) = preProject
		UseIISExpress = "true"
		TargetFrameworkMoniker = ".NETFramework,Version%3Dv3.5"
		Debug.AspNetCompiler.VirtualPath = "/VCMEMS"
		Debug.AspNetCompiler.PhysicalPath = "..\VCMEMS\"
		Debug.AspNetCompiler.TargetPath = "PrecompiledWeb\VCMEMS\"
		Debug.AspNetCompiler.Updateable = "true"
		Debug.AspNetCompiler.ForceOverwrite = "true"
		Debug.AspNetCompiler.FixedNames = "false"
		Debug.AspNetCompiler.Debug = "True"
		Release.AspNetCompiler.VirtualPath = "/VCMEMS"
		Release.AspNetCompiler.PhysicalPath = "..\VCMEMS\"
		Release.AspNetCompiler.TargetPath = "PrecompiledWeb\VCMEMS\"
		Release.AspNetCompiler.Updateable = "true"
		Release.AspNetCompiler.ForceOverwrite = "true"
		Release.AspNetCompiler.FixedNames = "false"
		Release.AspNetCompiler.Debug = "False"
		SlnRelativePath = "..\VCMEMS\"
	EndProjectSection
EndProject
Global
	GlobalSection(SolutionConfigurationPlatforms) = preSolution
		Debug|Any CPU = Debug|Any CPU
		Release|Any CPU = Release|Any CPU
	EndGlobalSection
	GlobalSection(ProjectConfigurationPlatforms) = postSolution
		{DF2DFB4F-9822-4A25-B27D-527D80A6FD29}.Debug|Any CPU.ActiveCfg = Debug|Any CPU
		{DF2DFB4F-9822-4A25-B27D-527D80A6FD29}.Debug|Any CPU.Build.0 = Debug|Any CPU
		{DF2DFB4F-9822-4A25-B27D-527D80A6FD29}.Release|Any CPU.ActiveCfg = Release|Any CPU
		{DF2DFB4F-9822-4A25-B27D-527D80A6FD29}.Release|Any CPU.Build.0 = Release|Any CPU
		{FD446D2D-55DD-4192-9E1B-4AB80176A234}.Debug|Any CPU.ActiveCfg = Debug|Any CPU
		{FD446D2D-55DD-4192-9E1B-4AB80176A234}.Debug|Any CPU.Build.0 = Debug|Any CPU
		{FD446D2D-55DD-4192-9E1B-4AB80176A234}.Release|Any CPU.ActiveCfg = Release|Any CPU
		{FD446D2D-55DD-4192-9E1B-4AB80176A234}.Release|Any CPU.Build.0 = Release|Any CPU
		{C3A1DF8A-D1D7-4ABF-B349-00A5A1B9F366}.Debug|Any CPU.ActiveCfg = Debug|Any CPU
		{C3A1DF8A-D1D7-4ABF-B349-00A5A1B9F366}.Debug|Any CPU.Build.0 = Debug|Any CPU
		{C3A1DF8A-D1D7-4ABF-B349-00A5A1B9F366}.Release|Any CPU.ActiveCfg = Release|Any CPU
		{C3A1DF8A-D1D7-4ABF-B349-00A5A1B9F366}.Release|Any CPU.Build.0 = Release|Any CPU
		{9E4CD944-8CB8-49E5-ACC4-90600967BC8B}.Debug|Any CPU.ActiveCfg = Debug|Any CPU
		{9E4CD944-8CB8-49E5-ACC4-90600967BC8B}.Debug|Any CPU.Build.0 = Debug|Any CPU
		{9E4CD944-8CB8-49E5-ACC4-90600967BC8B}.Release|Any CPU.ActiveCfg = Debug|Any CPU
		{9E4CD944-8CB8-49E5-ACC4-90600967BC8B}.Release|Any CPU.Build.0 = Debug|Any CPU
	EndGlobalSection
	GlobalSection(SolutionProperties) = preSolution
		HideSolutionNode = FALSE
	EndGlobalSection
	GlobalSection(PureCMSourceControlProviderSolutionProperties) = preSolution
		SolutionIsControlled = True
	EndGlobalSection
	GlobalSection(PureCMSourceControlProviderSolutionProperties) = preSolution
		SolutionIsControlled = True
	EndGlobalSection
	GlobalSection(PureCMSourceControlProviderSolutionProperties) = preSolution
		SolutionIsControlled = True
	EndGlobalSection
	GlobalSection(PureCMSourceControlProviderSolutionProperties) = preSolution
		SolutionIsControlled = True
	EndGlobalSection
	GlobalSection(PureCMSourceControlProviderSolutionProperties) = preSolution
		SolutionIsControlled = True
	EndGlobalSection
EndGlobal
